
Microsoft Visual Studio Solution File, Format Version 12.00
# Visual Studio Version 17
VisualStudioVersion = 17.4.33103.184
MinimumVisualStudioVersion = 10.0.40219.1
Project("{FAE04EC0-301F-11D3-BF4B-00C04F79EFBC}") = "RockPaperScissorGame", "RockPaperScissorGame\RockPaperScissorGame.csproj", "{09D34C43-4886-4703-B7B6-3F1CB7CEB20A}"
EndProject
Global
	GlobalSection(SolutionConfigurationPlatforms) = preSolution
		Debug|Any CPU = Debug|Any CPU
		Release|Any CPU = Release|Any CPU
	EndGlobalSection
	GlobalSection(ProjectConfigurationPlatforms) = postSolution
		{09D34C43-4886-4703-B7B6-3F1CB7CEB20A}.Debug|Any CPU.ActiveCfg = Debug|Any CPU
		{09D34C43-4886-4703-B7B6-3F1CB7CEB20A}.Debug|Any CPU.Build.0 = Debug|Any CPU
		{09D34C43-4886-4703-B7B6-3F1CB7CEB20A}.Release|Any CPU.ActiveCfg = Release|Any CPU
		{09D34C43-4886-4703-B7B6-3F1CB7CEB20A}.Release|Any CPU.Build.0 = Release|Any CPU
	EndGlobalSection
	GlobalSection(SolutionProperties) = preSolution
		HideSolutionNode = FALSE
	EndGlobalSection
	GlobalSection(ExtensibilityGlobals) = postSolution
		SolutionGuid = {2F4874D2-1F26-4691-A3F4-B7E225D04B3C}
	EndGlobalSection
EndGlobal
